{
  "object": {
    "pins": [
      {
        "package": "TextScanner",
        "repositoryURL": "https://github.com/swiftty/TextScanner.git",
        "state": {
          "branch": "master",
          "revision": "7d869aa4bd8e3388526d5c9f9380b7d5c7064c0e",
          "version": null
        }
      }
    ]
  },
  "version": 1
}
