{
  "object": {
    "pins": [
      {
        "package": "TextScanner",
        "repositoryURL": "https://github.com/swiftty/TextScanner.git",
        "state": {
          "branch": "master",
          "revision": "290bc2863923c2de26195f05357ca69b1e85d50a",
          "version": null
        }
      }
    ]
  },
  "version": 1
}
